
Microsoft Visual Studio Solution File, Format Version 12.00
Project("{2150E333-8FDC-42A3-9474-1A3956D46DE8}") = "src", "src", "{336E9AC2-0A0E-4468-B2F7-19CB152BD75D}"
EndProject
Project("{FAE04EC0-301F-11D3-BF4B-00C04F79EFBC}") = "BankingSystem.SharedKernel", "src\BankingSystem.SharedKernel\BankingSystem.SharedKernel.csproj", "{B239112F-5677-4276-B643-EAA52649F87A}"
EndProject
Project("{FAE04EC0-301F-11D3-BF4B-00C04F79EFBC}") = "BankingSystem.Domain", "src\BankingSystem.Domain\BankingSystem.Domain.csproj", "{92DCC96F-BA53-4A30-8357-C50665BE0686}"
EndProject
Project("{FAE04EC0-301F-11D3-BF4B-00C04F79EFBC}") = "BankingSystem.Infrastructure", "src\BankingSystem.Infrastructure\BankingSystem.Infrastructure.csproj", "{95CF09F5-FAAB-44E1-97CF-FEE53F564A10}"
EndProject
Project("{FAE04EC0-301F-11D3-BF4B-00C04F79EFBC}") = "BankingSystem.Application", "src\BankingSystem.Application\BankingSystem.Application.csproj", "{D938BF34-C41F-499A-AEF0-F697AC7AA00F}"
EndProject
Project("{FAE04EC0-301F-11D3-BF4B-00C04F79EFBC}") = "BankingSystem.WebApi", "src\BankingSystem.WebApi\BankingSystem.WebApi.csproj", "{637E34DB-0669-46EA-B334-77A019CE2625}"
EndProject
Project("{2150E333-8FDC-42A3-9474-1A3956D46DE8}") = "tests", "tests", "{888066B1-32BA-491E-80F2-1F8A80725997}"
EndProject
Project("{FAE04EC0-301F-11D3-BF4B-00C04F79EFBC}") = "BankingSystem.Tests", "tests\BankingSystem.Tests\BankingSystem.Tests.csproj", "{E96C6A07-41C9-4053-A4AD-601E84AD2D5F}"
EndProject
Global
	GlobalSection(SolutionConfigurationPlatforms) = preSolution
		Debug|Any CPU = Debug|Any CPU
		Release|Any CPU = Release|Any CPU
	EndGlobalSection
	GlobalSection(ProjectConfigurationPlatforms) = postSolution
		{B239112F-5677-4276-B643-EAA52649F87A}.Debug|Any CPU.ActiveCfg = Debug|Any CPU
		{B239112F-5677-4276-B643-EAA52649F87A}.Debug|Any CPU.Build.0 = Debug|Any CPU
		{B239112F-5677-4276-B643-EAA52649F87A}.Release|Any CPU.ActiveCfg = Release|Any CPU
		{B239112F-5677-4276-B643-EAA52649F87A}.Release|Any CPU.Build.0 = Release|Any CPU
		{92DCC96F-BA53-4A30-8357-C50665BE0686}.Debug|Any CPU.ActiveCfg = Debug|Any CPU
		{92DCC96F-BA53-4A30-8357-C50665BE0686}.Debug|Any CPU.Build.0 = Debug|Any CPU
		{92DCC96F-BA53-4A30-8357-C50665BE0686}.Release|Any CPU.ActiveCfg = Release|Any CPU
		{92DCC96F-BA53-4A30-8357-C50665BE0686}.Release|Any CPU.Build.0 = Release|Any CPU
		{95CF09F5-FAAB-44E1-97CF-FEE53F564A10}.Debug|Any CPU.ActiveCfg = Debug|Any CPU
		{95CF09F5-FAAB-44E1-97CF-FEE53F564A10}.Debug|Any CPU.Build.0 = Debug|Any CPU
		{95CF09F5-FAAB-44E1-97CF-FEE53F564A10}.Release|Any CPU.ActiveCfg = Release|Any CPU
		{95CF09F5-FAAB-44E1-97CF-FEE53F564A10}.Release|Any CPU.Build.0 = Release|Any CPU
		{D938BF34-C41F-499A-AEF0-F697AC7AA00F}.Debug|Any CPU.ActiveCfg = Debug|Any CPU
		{D938BF34-C41F-499A-AEF0-F697AC7AA00F}.Debug|Any CPU.Build.0 = Debug|Any CPU
		{D938BF34-C41F-499A-AEF0-F697AC7AA00F}.Release|Any CPU.ActiveCfg = Release|Any CPU
		{D938BF34-C41F-499A-AEF0-F697AC7AA00F}.Release|Any CPU.Build.0 = Release|Any CPU
		{637E34DB-0669-46EA-B334-77A019CE2625}.Debug|Any CPU.ActiveCfg = Debug|Any CPU
		{637E34DB-0669-46EA-B334-77A019CE2625}.Debug|Any CPU.Build.0 = Debug|Any CPU
		{637E34DB-0669-46EA-B334-77A019CE2625}.Release|Any CPU.ActiveCfg = Release|Any CPU
		{637E34DB-0669-46EA-B334-77A019CE2625}.Release|Any CPU.Build.0 = Release|Any CPU
		{E96C6A07-41C9-4053-A4AD-601E84AD2D5F}.Debug|Any CPU.ActiveCfg = Debug|Any CPU
		{E96C6A07-41C9-4053-A4AD-601E84AD2D5F}.Debug|Any CPU.Build.0 = Debug|Any CPU
		{E96C6A07-41C9-4053-A4AD-601E84AD2D5F}.Release|Any CPU.ActiveCfg = Release|Any CPU
		{E96C6A07-41C9-4053-A4AD-601E84AD2D5F}.Release|Any CPU.Build.0 = Release|Any CPU
	EndGlobalSection
	GlobalSection(NestedProjects) = preSolution
		{B239112F-5677-4276-B643-EAA52649F87A} = {336E9AC2-0A0E-4468-B2F7-19CB152BD75D}
		{92DCC96F-BA53-4A30-8357-C50665BE0686} = {336E9AC2-0A0E-4468-B2F7-19CB152BD75D}
		{95CF09F5-FAAB-44E1-97CF-FEE53F564A10} = {336E9AC2-0A0E-4468-B2F7-19CB152BD75D}
		{D938BF34-C41F-499A-AEF0-F697AC7AA00F} = {336E9AC2-0A0E-4468-B2F7-19CB152BD75D}
		{637E34DB-0669-46EA-B334-77A019CE2625} = {336E9AC2-0A0E-4468-B2F7-19CB152BD75D}
		{E96C6A07-41C9-4053-A4AD-601E84AD2D5F} = {888066B1-32BA-491E-80F2-1F8A80725997}
	EndGlobalSection
EndGlobal
